
Microsoft Visual Studio Solution File, Format Version 12.00
# Visual Studio Version 16
VisualStudioVersion = 16.0.29709.97
MinimumVisualStudioVersion = 10.0.40219.1
Project("{9A19103F-16F7-4668-BE54-9A1E7A4F7556}") = "AstManagement", "AstManagement\AstManagement.csproj", "{68F51482-F3B1-489C-BB3D-1DD666E4628B}"
EndProject
Global
	GlobalSection(SolutionConfigurationPlatforms) = preSolution
		Debug|Any CPU = Debug|Any CPU
		Release|Any CPU = Release|Any CPU
	EndGlobalSection
	GlobalSection(ProjectConfigurationPlatforms) = postSolution
		{68F51482-F3B1-489C-BB3D-1DD666E4628B}.Debug|Any CPU.ActiveCfg = Debug|Any CPU
		{68F51482-F3B1-489C-BB3D-1DD666E4628B}.Debug|Any CPU.Build.0 = Debug|Any CPU
		{68F51482-F3B1-489C-BB3D-1DD666E4628B}.Release|Any CPU.ActiveCfg = Release|Any CPU
		{68F51482-F3B1-489C-BB3D-1DD666E4628B}.Release|Any CPU.Build.0 = Release|Any CPU
	EndGlobalSection
	GlobalSection(SolutionProperties) = preSolution
		HideSolutionNode = FALSE
	EndGlobalSection
	GlobalSection(ExtensibilityGlobals) = postSolution
		SolutionGuid = {E6EA80D3-C7F6-492B-813F-5DF01F1DF30D}
	EndGlobalSection
EndGlobal
